{
  "name": "@delalyra/arr",
  "version": "0.0.4",
  "lockfileVersion": 2,
  "requires": true,
  "packages": {
    "": {
      "name": "@delalyra/arr",
      "version": "0.0.4",
      "license": "MIT",
      "devDependencies": {
        "@delalyra/arr": "^0.0.3"
      }
    },
    "node_modules/@delalyra/arr": {
      "version": "0.0.3",
      "resolved": "https://registry.npmjs.org/@delalyra/arr/-/arr-0.0.3.tgz",
      "integrity": "sha512-oue8hRSgafZzdr5bU9yaUFMzLbuzQoR7wupFLOeM+hu3OTw0c4v4/oHQ3A/CRpdvkxFra7S4Y7IDnjxAfJSQqg==",
      "dev": true
    }
  },
  "dependencies": {
    "@delalyra/arr": {
      "version": "0.0.3",
      "resolved": "https://registry.npmjs.org/@delalyra/arr/-/arr-0.0.3.tgz",
      "integrity": "sha512-oue8hRSgafZzdr5bU9yaUFMzLbuzQoR7wupFLOeM+hu3OTw0c4v4/oHQ3A/CRpdvkxFra7S4Y7IDnjxAfJSQqg==",
      "dev": true
    }
  }
}
